
Microsoft Visual Studio Solution File, Format Version 12.00
# Visual Studio Version 17
VisualStudioVersion = 17.4.33213.308
MinimumVisualStudioVersion = 10.0.40219.1
Project("{9A19103F-16F7-4668-BE54-9A1E7A4F7556}") = "CatalogService.Domain", "CatalogService.Domain\CatalogService.Domain.csproj", "{C26F795E-3488-413E-9475-79C1C10B2B53}"
EndProject
Project("{FAE04EC0-301F-11D3-BF4B-00C04F79EFBC}") = "CatalogService.Application", "CatalogService.Application\CatalogService.Application.csproj", "{7DD0585E-828E-4D8A-9DE0-6B3D6CA94FF3}"
EndProject
Project("{FAE04EC0-301F-11D3-BF4B-00C04F79EFBC}") = "CatalogService.Infrastructure", "CatalogService.Infrastructure\CatalogService.Infrastructure.csproj", "{89F8BC1A-8429-43E7-8C61-FA7D4A7CD89B}"
EndProject
Global
	GlobalSection(SolutionConfigurationPlatforms) = preSolution
		Debug|Any CPU = Debug|Any CPU
		Release|Any CPU = Release|Any CPU
	EndGlobalSection
	GlobalSection(ProjectConfigurationPlatforms) = postSolution
		{C26F795E-3488-413E-9475-79C1C10B2B53}.Debug|Any CPU.ActiveCfg = Debug|Any CPU
		{C26F795E-3488-413E-9475-79C1C10B2B53}.Debug|Any CPU.Build.0 = Debug|Any CPU
		{C26F795E-3488-413E-9475-79C1C10B2B53}.Release|Any CPU.ActiveCfg = Release|Any CPU
		{C26F795E-3488-413E-9475-79C1C10B2B53}.Release|Any CPU.Build.0 = Release|Any CPU
		{7DD0585E-828E-4D8A-9DE0-6B3D6CA94FF3}.Debug|Any CPU.ActiveCfg = Debug|Any CPU
		{7DD0585E-828E-4D8A-9DE0-6B3D6CA94FF3}.Debug|Any CPU.Build.0 = Debug|Any CPU
		{7DD0585E-828E-4D8A-9DE0-6B3D6CA94FF3}.Release|Any CPU.ActiveCfg = Release|Any CPU
		{7DD0585E-828E-4D8A-9DE0-6B3D6CA94FF3}.Release|Any CPU.Build.0 = Release|Any CPU
		{89F8BC1A-8429-43E7-8C61-FA7D4A7CD89B}.Debug|Any CPU.ActiveCfg = Debug|Any CPU
		{89F8BC1A-8429-43E7-8C61-FA7D4A7CD89B}.Debug|Any CPU.Build.0 = Debug|Any CPU
		{89F8BC1A-8429-43E7-8C61-FA7D4A7CD89B}.Release|Any CPU.ActiveCfg = Release|Any CPU
		{89F8BC1A-8429-43E7-8C61-FA7D4A7CD89B}.Release|Any CPU.Build.0 = Release|Any CPU
	EndGlobalSection
	GlobalSection(SolutionProperties) = preSolution
		HideSolutionNode = FALSE
	EndGlobalSection
	GlobalSection(ExtensibilityGlobals) = postSolution
		SolutionGuid = {AF88F515-E675-4B00-B0D4-DAAB1B16E796}
	EndGlobalSection
EndGlobal
